
Microsoft Visual Studio Solution File, Format Version 12.00
# Visual Studio Version 16
VisualStudioVersion = 16.0.29728.190
MinimumVisualStudioVersion = 10.0.40219.1
Project("{FAE04EC0-301F-11D3-BF4B-00C04F79EFBC}") = "gamer-management2", "gamer-management2.csproj", "{56973E9A-C165-482B-ABF4-96E9165B7D8A}"
EndProject
Global
	GlobalSection(SolutionConfigurationPlatforms) = preSolution
		Debug|Any CPU = Debug|Any CPU
		Release|Any CPU = Release|Any CPU
	EndGlobalSection
	GlobalSection(ProjectConfigurationPlatforms) = postSolution
		{56973E9A-C165-482B-ABF4-96E9165B7D8A}.Debug|Any CPU.ActiveCfg = Debug|Any CPU
		{56973E9A-C165-482B-ABF4-96E9165B7D8A}.Debug|Any CPU.Build.0 = Debug|Any CPU
		{56973E9A-C165-482B-ABF4-96E9165B7D8A}.Release|Any CPU.ActiveCfg = Release|Any CPU
		{56973E9A-C165-482B-ABF4-96E9165B7D8A}.Release|Any CPU.Build.0 = Release|Any CPU
	EndGlobalSection
	GlobalSection(SolutionProperties) = preSolution
		HideSolutionNode = FALSE
	EndGlobalSection
	GlobalSection(ExtensibilityGlobals) = postSolution
		SolutionGuid = {798A64BD-E73F-4614-86D0-05467B343FDC}
	EndGlobalSection
EndGlobal
